
Microsoft Visual Studio Solution File, Format Version 12.00
# Visual Studio Version 16
VisualStudioVersion = 16.0.29418.71
MinimumVisualStudioVersion = 10.0.40219.1
Project("{9A19103F-16F7-4668-BE54-9A1E7A4F7556}") = "CrypticEngine", "Cryptic Engine\CrypticEngine.csproj", "{B31DE084-EF96-4490-82F5-3DB0DC6B38EC}"
EndProject
Global
	GlobalSection(SolutionConfigurationPlatforms) = preSolution
		Debug|Any CPU = Debug|Any CPU
		Release|Any CPU = Release|Any CPU
	EndGlobalSection
	GlobalSection(ProjectConfigurationPlatforms) = postSolution
		{B31DE084-EF96-4490-82F5-3DB0DC6B38EC}.Debug|Any CPU.ActiveCfg = Debug|Any CPU
		{B31DE084-EF96-4490-82F5-3DB0DC6B38EC}.Debug|Any CPU.Build.0 = Debug|Any CPU
		{B31DE084-EF96-4490-82F5-3DB0DC6B38EC}.Release|Any CPU.ActiveCfg = Release|Any CPU
		{B31DE084-EF96-4490-82F5-3DB0DC6B38EC}.Release|Any CPU.Build.0 = Release|Any CPU
	EndGlobalSection
	GlobalSection(SolutionProperties) = preSolution
		HideSolutionNode = FALSE
	EndGlobalSection
	GlobalSection(ExtensibilityGlobals) = postSolution
		SolutionGuid = {B39C169F-14A4-45BB-825D-6FE9E584E71F}
	EndGlobalSection
EndGlobal
